
Microsoft Visual Studio Solution File, Format Version 12.00
# Visual Studio Version 16
VisualStudioVersion = 16.0.30804.86
MinimumVisualStudioVersion = 10.0.40219.1
Project("{FAE04EC0-301F-11D3-BF4B-00C04F79EFBC}") = "Warehouse", "Warehouse\Warehouse.csproj", "{47D95277-598D-463A-B0D7-88565F3D8F1E}"
EndProject
Project("{FAE04EC0-301F-11D3-BF4B-00C04F79EFBC}") = "Warehouse.DAL", "Warehouse.DAL\Warehouse.DAL.csproj", "{EB0C335A-426E-4E3B-A560-D610B25BA814}"
EndProject
Global
	GlobalSection(SolutionConfigurationPlatforms) = preSolution
		Debug|Any CPU = Debug|Any CPU
		Release|Any CPU = Release|Any CPU
	EndGlobalSection
	GlobalSection(ProjectConfigurationPlatforms) = postSolution
		{47D95277-598D-463A-B0D7-88565F3D8F1E}.Debug|Any CPU.ActiveCfg = Debug|Any CPU
		{47D95277-598D-463A-B0D7-88565F3D8F1E}.Debug|Any CPU.Build.0 = Debug|Any CPU
		{47D95277-598D-463A-B0D7-88565F3D8F1E}.Release|Any CPU.ActiveCfg = Release|Any CPU
		{47D95277-598D-463A-B0D7-88565F3D8F1E}.Release|Any CPU.Build.0 = Release|Any CPU
		{EB0C335A-426E-4E3B-A560-D610B25BA814}.Debug|Any CPU.ActiveCfg = Debug|Any CPU
		{EB0C335A-426E-4E3B-A560-D610B25BA814}.Debug|Any CPU.Build.0 = Debug|Any CPU
		{EB0C335A-426E-4E3B-A560-D610B25BA814}.Release|Any CPU.ActiveCfg = Release|Any CPU
		{EB0C335A-426E-4E3B-A560-D610B25BA814}.Release|Any CPU.Build.0 = Release|Any CPU
	EndGlobalSection
	GlobalSection(SolutionProperties) = preSolution
		HideSolutionNode = FALSE
	EndGlobalSection
	GlobalSection(ExtensibilityGlobals) = postSolution
		SolutionGuid = {40202F7A-D09D-4846-9AB5-9E15CE25C265}
	EndGlobalSection
EndGlobal
